
Microsoft Visual Studio Solution File, Format Version 12.00
# Visual Studio Version 16
VisualStudioVersion = 16.0.32106.194
MinimumVisualStudioVersion = 10.0.40219.1
Project("{9A19103F-16F7-4668-BE54-9A1E7A4F7556}") = "API", "API.csproj", "{1C8492BC-5256-41EB-840A-DBA0E494C2FB}"
EndProject
Project("{9A19103F-16F7-4668-BE54-9A1E7A4F7556}") = "Test", "..\Test\Test.csproj", "{E2F0E620-0410-4066-B051-A9D3B2CFD3F3}"
EndProject
Project("{FAE04EC0-301F-11D3-BF4B-00C04F79EFBC}") = "Domain", "..\Domain\Domain.csproj", "{1DF00D45-0A6F-4D9F-A2CA-E2BF71534DC2}"
EndProject
Project("{FAE04EC0-301F-11D3-BF4B-00C04F79EFBC}") = "Persistence", "..\Persistence\Persistence.csproj", "{2A9550AF-7743-4B2D-9690-3C9607191188}"
EndProject
Project("{FAE04EC0-301F-11D3-BF4B-00C04F79EFBC}") = "Runtime", "..\Runtime\Runtime.csproj", "{013A3DD5-7DA0-4119-8C2D-D2E01EE97B42}"
EndProject
Global
	GlobalSection(SolutionConfigurationPlatforms) = preSolution
		Debug|Any CPU = Debug|Any CPU
		Release|Any CPU = Release|Any CPU
	EndGlobalSection
	GlobalSection(ProjectConfigurationPlatforms) = postSolution
		{1C8492BC-5256-41EB-840A-DBA0E494C2FB}.Debug|Any CPU.ActiveCfg = Debug|Any CPU
		{1C8492BC-5256-41EB-840A-DBA0E494C2FB}.Debug|Any CPU.Build.0 = Debug|Any CPU
		{1C8492BC-5256-41EB-840A-DBA0E494C2FB}.Release|Any CPU.ActiveCfg = Release|Any CPU
		{1C8492BC-5256-41EB-840A-DBA0E494C2FB}.Release|Any CPU.Build.0 = Release|Any CPU
		{E2F0E620-0410-4066-B051-A9D3B2CFD3F3}.Debug|Any CPU.ActiveCfg = Debug|Any CPU
		{E2F0E620-0410-4066-B051-A9D3B2CFD3F3}.Debug|Any CPU.Build.0 = Debug|Any CPU
		{E2F0E620-0410-4066-B051-A9D3B2CFD3F3}.Release|Any CPU.ActiveCfg = Release|Any CPU
		{E2F0E620-0410-4066-B051-A9D3B2CFD3F3}.Release|Any CPU.Build.0 = Release|Any CPU
		{1DF00D45-0A6F-4D9F-A2CA-E2BF71534DC2}.Debug|Any CPU.ActiveCfg = Debug|Any CPU
		{1DF00D45-0A6F-4D9F-A2CA-E2BF71534DC2}.Debug|Any CPU.Build.0 = Debug|Any CPU
		{1DF00D45-0A6F-4D9F-A2CA-E2BF71534DC2}.Release|Any CPU.ActiveCfg = Release|Any CPU
		{1DF00D45-0A6F-4D9F-A2CA-E2BF71534DC2}.Release|Any CPU.Build.0 = Release|Any CPU
		{2A9550AF-7743-4B2D-9690-3C9607191188}.Debug|Any CPU.ActiveCfg = Debug|Any CPU
		{2A9550AF-7743-4B2D-9690-3C9607191188}.Debug|Any CPU.Build.0 = Debug|Any CPU
		{2A9550AF-7743-4B2D-9690-3C9607191188}.Release|Any CPU.ActiveCfg = Release|Any CPU
		{2A9550AF-7743-4B2D-9690-3C9607191188}.Release|Any CPU.Build.0 = Release|Any CPU
		{013A3DD5-7DA0-4119-8C2D-D2E01EE97B42}.Debug|Any CPU.ActiveCfg = Debug|Any CPU
		{013A3DD5-7DA0-4119-8C2D-D2E01EE97B42}.Debug|Any CPU.Build.0 = Debug|Any CPU
		{013A3DD5-7DA0-4119-8C2D-D2E01EE97B42}.Release|Any CPU.ActiveCfg = Release|Any CPU
		{013A3DD5-7DA0-4119-8C2D-D2E01EE97B42}.Release|Any CPU.Build.0 = Release|Any CPU
	EndGlobalSection
	GlobalSection(SolutionProperties) = preSolution
		HideSolutionNode = FALSE
	EndGlobalSection
	GlobalSection(ExtensibilityGlobals) = postSolution
		SolutionGuid = {9DDEA404-AFC4-4C25-863F-3B993FA6BBBA}
	EndGlobalSection
EndGlobal
